
Microsoft Visual Studio Solution File, Format Version 10.00
# Visual Studio 2008
Project("{8BC9CEB8-8B4A-11D0-8D11-00A0C91BC942}") = "Lab2Task4", "Lab2Task4\Lab2Task4.vcproj", "{C4026EBF-06A1-49E3-BAEF-91835C990669}"
EndProject
Global
	GlobalSection(SolutionConfigurationPlatforms) = preSolution
		Debug|Win32 = Debug|Win32
		Release|Win32 = Release|Win32
	EndGlobalSection
	GlobalSection(ProjectConfigurationPlatforms) = postSolution
		{C4026EBF-06A1-49E3-BAEF-91835C990669}.Debug|Win32.ActiveCfg = Debug|Win32
		{C4026EBF-06A1-49E3-BAEF-91835C990669}.Debug|Win32.Build.0 = Debug|Win32
		{C4026EBF-06A1-49E3-BAEF-91835C990669}.Release|Win32.ActiveCfg = Release|Win32
		{C4026EBF-06A1-49E3-BAEF-91835C990669}.Release|Win32.Build.0 = Release|Win32
	EndGlobalSection
	GlobalSection(SolutionProperties) = preSolution
		HideSolutionNode = FALSE
	EndGlobalSection
EndGlobal
