
Microsoft Visual Studio Solution File, Format Version 10.00
# Visual Studio 2008
Project("{8BC9CEB8-8B4A-11D0-8D11-00A0C91BC942}") = "Programming Assignment 2", "Programming Assignment 2\Programming Assignment 2.vcproj", "{C4EF1C4A-F585-49FF-B94E-776F10764464}"
EndProject
Global
	GlobalSection(SolutionConfigurationPlatforms) = preSolution
		Debug|Win32 = Debug|Win32
		Release|Win32 = Release|Win32
	EndGlobalSection
	GlobalSection(ProjectConfigurationPlatforms) = postSolution
		{C4EF1C4A-F585-49FF-B94E-776F10764464}.Debug|Win32.ActiveCfg = Debug|Win32
		{C4EF1C4A-F585-49FF-B94E-776F10764464}.Debug|Win32.Build.0 = Debug|Win32
		{C4EF1C4A-F585-49FF-B94E-776F10764464}.Release|Win32.ActiveCfg = Release|Win32
		{C4EF1C4A-F585-49FF-B94E-776F10764464}.Release|Win32.Build.0 = Release|Win32
	EndGlobalSection
	GlobalSection(SolutionProperties) = preSolution
		HideSolutionNode = FALSE
	EndGlobalSection
EndGlobal
