
Microsoft Visual Studio Solution File, Format Version 10.00
# Visual Studio 2008
Project("{8BC9CEB8-8B4A-11D0-8D11-00A0C91BC942}") = "Lab4Task1", "Lab4Task1\Lab4Task1.vcproj", "{8F4CD8E0-C719-4823-8BF9-C6EF8BBD261B}"
EndProject
Global
	GlobalSection(SolutionConfigurationPlatforms) = preSolution
		Debug|Win32 = Debug|Win32
		Release|Win32 = Release|Win32
	EndGlobalSection
	GlobalSection(ProjectConfigurationPlatforms) = postSolution
		{8F4CD8E0-C719-4823-8BF9-C6EF8BBD261B}.Debug|Win32.ActiveCfg = Debug|Win32
		{8F4CD8E0-C719-4823-8BF9-C6EF8BBD261B}.Debug|Win32.Build.0 = Debug|Win32
		{8F4CD8E0-C719-4823-8BF9-C6EF8BBD261B}.Release|Win32.ActiveCfg = Release|Win32
		{8F4CD8E0-C719-4823-8BF9-C6EF8BBD261B}.Release|Win32.Build.0 = Release|Win32
	EndGlobalSection
	GlobalSection(SolutionProperties) = preSolution
		HideSolutionNode = FALSE
	EndGlobalSection
EndGlobal
